// !$*UTF8*$!
{
	archiveVersion = 1;
	classes = {
	};
	objectVersion = 56;
	objects = {

/* Begin PBXBuildFile section */
		930310C82695DC75006910EF /* Model.swift in Sources */ = {isa = PBXBuildFile; fileRef = 930310C72695DC75006910EF /* Model.swift */; };
		930310CA269666B1006910EF /* ContactsViewModel.swift in Sources */ = {isa = PBXBuildFile; fileRef = 930310C9269666B1006910EF /* ContactsViewModel.swift */; };
		931164E52697836600099F8D /* AcceptView.swift in Sources */ = {isa = PBXBuildFile; fileRef = 931164E42697836600099F8D /* AcceptView.swift */; };
		931B516A269E4B660065F551 /* ModelStructs2.swift in Sources */ = {isa = PBXBuildFile; fileRef = 931B5169269E4B660065F551 /* ModelStructs2.swift */; };
		931B516C269E4BFE0065F551 /* CommonItems.swift in Sources */ = {isa = PBXBuildFile; fileRef = 931B516B269E4BFE0065F551 /* CommonItems.swift */; };
		93237A1326A4E1A500032387 /* recipesShipped.json in Resources */ = {isa = PBXBuildFile; fileRef = 93237A1226A4E1A500032387 /* recipesShipped.json */; };
		93237A1726A4E3DE00032387 /* RecipeRowView.swift in Sources */ = {isa = PBXBuildFile; fileRef = 93237A1626A4E3DE00032387 /* RecipeRowView.swift */; };
		93237A1A26A4E44E00032387 /* WebQueryRecipes.swift in Sources */ = {isa = PBXBuildFile; fileRef = 93237A1926A4E44E00032387 /* WebQueryRecipes.swift */; };
		93237A1C26A4E52400032387 /* RecipeDetailView.swift in Sources */ = {isa = PBXBuildFile; fileRef = 93237A1B26A4E52400032387 /* RecipeDetailView.swift */; };
		93237A2126A4E65400032387 /* Profile.swift in Sources */ = {isa = PBXBuildFile; fileRef = 93237A2026A4E65400032387 /* Profile.swift */; };
		93237A2326A4E68100032387 /* Nutrition.swift in Sources */ = {isa = PBXBuildFile; fileRef = 93237A2226A4E68100032387 /* Nutrition.swift */; };
		93237A2C26A4E7A200032387 /* Vitamins.swift in Sources */ = {isa = PBXBuildFile; fileRef = 93237A2B26A4E7A200032387 /* Vitamins.swift */; };
		93237A3226A4E84D00032387 /* NotesView.swift in Sources */ = {isa = PBXBuildFile; fileRef = 93237A3126A4E84D00032387 /* NotesView.swift */; };
		93237A3426A4E87900032387 /* ImagesView.swift in Sources */ = {isa = PBXBuildFile; fileRef = 93237A3326A4E87900032387 /* ImagesView.swift */; };
		93237A3626A4E8C000032387 /* SafariView.swift in Sources */ = {isa = PBXBuildFile; fileRef = 93237A3526A4E8C000032387 /* SafariView.swift */; };
		93237A3A26A4E97500032387 /* ImagePicker.swift in Sources */ = {isa = PBXBuildFile; fileRef = 93237A3926A4E97500032387 /* ImagePicker.swift */; };
		93237A3C26A4E98100032387 /* ImagePickerView.swift in Sources */ = {isa = PBXBuildFile; fileRef = 93237A3B26A4E98100032387 /* ImagePickerView.swift */; };
		9329218D26BF229100CDDD52 /* SRecipeGroupProvider.swift in Sources */ = {isa = PBXBuildFile; fileRef = 9329218C26BF229100CDDD52 /* SRecipeGroupProvider.swift */; };
		9329219026BF231700CDDD52 /* SRecipeGroupOutputOperation.swift in Sources */ = {isa = PBXBuildFile; fileRef = 9329218E26BF231700CDDD52 /* SRecipeGroupOutputOperation.swift */; };
		9329219126BF231700CDDD52 /* SRecipeGroupCreateOperation.swift in Sources */ = {isa = PBXBuildFile; fileRef = 9329218F26BF231700CDDD52 /* SRecipeGroupCreateOperation.swift */; };
		9329219326BF234B00CDDD52 /* SRecipeGroupXOperation.swift in Sources */ = {isa = PBXBuildFile; fileRef = 9329219226BF234B00CDDD52 /* SRecipeGroupXOperation.swift */; };
		9334918426D1B15B00047BAB /* RoundButton3View.swift in Sources */ = {isa = PBXBuildFile; fileRef = 9334918326D1B15B00047BAB /* RoundButton3View.swift */; };
		9334918626D1BA4000047BAB /* MailView.swift in Sources */ = {isa = PBXBuildFile; fileRef = 9334918526D1BA4000047BAB /* MailView.swift */; };
		9341A0572698FBAD00DCA754 /* OrderingList.swift in Sources */ = {isa = PBXBuildFile; fileRef = 9341A0562698FBAD00DCA754 /* OrderingList.swift */; };
		9341A05B2698FCE500DCA754 /* AllRecipesView.swift in Sources */ = {isa = PBXBuildFile; fileRef = 9341A05A2698FCE500DCA754 /* AllRecipesView.swift */; };
		934AC08326D28FCF007EBF20 /* OrderIngredientsView.swift in Sources */ = {isa = PBXBuildFile; fileRef = 934AC08226D28FCF007EBF20 /* OrderIngredientsView.swift */; };
		934AC08726D29040007EBF20 /* ExtendendIngredientsView2.swift in Sources */ = {isa = PBXBuildFile; fileRef = 934AC08626D29040007EBF20 /* ExtendendIngredientsView2.swift */; };
		934AC08926D29812007EBF20 /* ExtendedIngredView.swift in Sources */ = {isa = PBXBuildFile; fileRef = 934AC08826D29812007EBF20 /* ExtendedIngredView.swift */; };
		934AC08B26D298D2007EBF20 /* ImageWithSectionItemView.swift in Sources */ = {isa = PBXBuildFile; fileRef = 934AC08A26D298D2007EBF20 /* ImageWithSectionItemView.swift */; };
		935398B22694E2780062931E /* ReczipesApp.swift in Sources */ = {isa = PBXBuildFile; fileRef = 935398B12694E2780062931E /* ReczipesApp.swift */; };
		935398B62694E27B0062931E /* Assets.xcassets in Resources */ = {isa = PBXBuildFile; fileRef = 935398B52694E27B0062931E /* Assets.xcassets */; };
		935398B92694E27B0062931E /* Preview Assets.xcassets in Resources */ = {isa = PBXBuildFile; fileRef = 935398B82694E27B0062931E /* Preview Assets.xcassets */; };
		93715D9826CC728700F13E09 /* AddImageAndNoteView.swift in Sources */ = {isa = PBXBuildFile; fileRef = 93715D9726CC728700F13E09 /* AddImageAndNoteView.swift */; };
		9396EAB926BDF0FE000FD136 /* SectionNames.json in Resources */ = {isa = PBXBuildFile; fileRef = 9396EAB826BDF0FE000FD136 /* SectionNames.json */; };
		93AB40C726BECD93005529AF /* UserData.swift in Sources */ = {isa = PBXBuildFile; fileRef = 93AB40C626BECD93005529AF /* UserData.swift */; };
		93AB40C926BECDF2005529AF /* SearchBar.swift in Sources */ = {isa = PBXBuildFile; fileRef = 93AB40C826BECDF2005529AF /* SearchBar.swift */; };
		93AB40CD26BF2100005529AF /* GoogleSearchView.swift in Sources */ = {isa = PBXBuildFile; fileRef = 93AB40CC26BF2100005529AF /* GoogleSearchView.swift */; };
		93ACB2B826B9E73F0010F71F /* ImageProvider.swift in Sources */ = {isa = PBXBuildFile; fileRef = 93ACB2B326B9E73E0010F71F /* ImageProvider.swift */; };
		93ACB2B926B9E73F0010F71F /* JokeProvider.swift in Sources */ = {isa = PBXBuildFile; fileRef = 93ACB2B426B9E73F0010F71F /* JokeProvider.swift */; };
		93ACB2BB26B9E73F0010F71F /* SRecipeProvider.swift in Sources */ = {isa = PBXBuildFile; fileRef = 93ACB2B626B9E73F0010F71F /* SRecipeProvider.swift */; };
		93ACB2BC26B9E73F0010F71F /* TriviaProvider.swift in Sources */ = {isa = PBXBuildFile; fileRef = 93ACB2B726B9E73F0010F71F /* TriviaProvider.swift */; };
		93ACB2DF26B9E8CD0010F71F /* ImageCreateOperation.swift in Sources */ = {isa = PBXBuildFile; fileRef = 93ACB2D426B9E8CC0010F71F /* ImageCreateOperation.swift */; };
		93ACB2E026B9E8CD0010F71F /* SRecipeOutputOperation.swift in Sources */ = {isa = PBXBuildFile; fileRef = 93ACB2D526B9E8CC0010F71F /* SRecipeOutputOperation.swift */; };
		93ACB2E126B9E8CD0010F71F /* TriviaOutputOperation.swift in Sources */ = {isa = PBXBuildFile; fileRef = 93ACB2D626B9E8CC0010F71F /* TriviaOutputOperation.swift */; };
		93ACB2E226B9E8CD0010F71F /* ImageOutputOperation.swift in Sources */ = {isa = PBXBuildFile; fileRef = 93ACB2D726B9E8CC0010F71F /* ImageOutputOperation.swift */; };
		93ACB2E426B9E8CD0010F71F /* TriviaCreateOperation.swift in Sources */ = {isa = PBXBuildFile; fileRef = 93ACB2D926B9E8CC0010F71F /* TriviaCreateOperation.swift */; };
		93ACB2E526B9E8CD0010F71F /* SRecipeCreateOperation.swift in Sources */ = {isa = PBXBuildFile; fileRef = 93ACB2DA26B9E8CC0010F71F /* SRecipeCreateOperation.swift */; };
		93ACB2E626B9E8CD0010F71F /* JokeCreateOperation.swift in Sources */ = {isa = PBXBuildFile; fileRef = 93ACB2DB26B9E8CD0010F71F /* JokeCreateOperation.swift */; };
		93ACB2E826B9E8CD0010F71F /* DataLoadOperation.swift in Sources */ = {isa = PBXBuildFile; fileRef = 93ACB2DD26B9E8CD0010F71F /* DataLoadOperation.swift */; };
		93ACB2E926B9E8CD0010F71F /* JokeOutputOperation.swift in Sources */ = {isa = PBXBuildFile; fileRef = 93ACB2DE26B9E8CD0010F71F /* JokeOutputOperation.swift */; };
		93ACB2FD26B9E9AA0010F71F /* AsyncOperation.swift in Sources */ = {isa = PBXBuildFile; fileRef = 93ACB2EE26B9E9A90010F71F /* AsyncOperation.swift */; };
		93ACB30126B9E9AA0010F71F /* SRecipeXOperation.swift in Sources */ = {isa = PBXBuildFile; fileRef = 93ACB2F226B9E9AA0010F71F /* SRecipeXOperation.swift */; };
		93ACB30326B9E9AA0010F71F /* ImageXOperatIon.swift in Sources */ = {isa = PBXBuildFile; fileRef = 93ACB2F426B9E9AA0010F71F /* ImageXOperatIon.swift */; };
		93ACB30426B9E9AA0010F71F /* JokeXOperation.swift in Sources */ = {isa = PBXBuildFile; fileRef = 93ACB2F526B9E9AA0010F71F /* JokeXOperation.swift */; };
		93ACB30726B9E9AA0010F71F /* ImageFilterOperation.swift in Sources */ = {isa = PBXBuildFile; fileRef = 93ACB2F826B9E9AA0010F71F /* ImageFilterOperation.swift */; };
		93ACB30826B9E9AA0010F71F /* TriviaXOperation.swift in Sources */ = {isa = PBXBuildFile; fileRef = 93ACB2F926B9E9AA0010F71F /* TriviaXOperation.swift */; };
		93ACB30A26B9EBBE0010F71F /* NetworkAccessor.swift in Sources */ = {isa = PBXBuildFile; fileRef = 93ACB30926B9EBBE0010F71F /* NetworkAccessor.swift */; };
		93D611A826CE971200664F14 /* Images.json in Resources */ = {isa = PBXBuildFile; fileRef = 93D611A626CE971100664F14 /* Images.json */; };
		93D611A926CE971200664F14 /* Notes.json in Resources */ = {isa = PBXBuildFile; fileRef = 93D611A726CE971200664F14 /* Notes.json */; };
		F804499628A0644700F631C8 /* ApplicationView.swift in Sources */ = {isa = PBXBuildFile; fileRef = F804499528A0644700F631C8 /* ApplicationView.swift */; };
		F815305A28CFCE6400E9ECC0 /* KeychainItem.swift in Sources */ = {isa = PBXBuildFile; fileRef = F815305928CFCE6400E9ECC0 /* KeychainItem.swift */; };
		F828685E28D28CA700BD0917 /* MultiView.swift in Sources */ = {isa = PBXBuildFile; fileRef = F828685D28D28CA700BD0917 /* MultiView.swift */; };
		F82D1C9228E8F5E500DBBA77 /* RecipeRatio.swift in Sources */ = {isa = PBXBuildFile; fileRef = F82D1C9128E8F5E500DBBA77 /* RecipeRatio.swift */; };
		F82D1C9E28EC71BF00DBBA77 /* KeyView.swift in Sources */ = {isa = PBXBuildFile; fileRef = F82D1C9D28EC71BF00DBBA77 /* KeyView.swift */; };
		F8304A7328AD348500867C6F /* AuthView.swift in Sources */ = {isa = PBXBuildFile; fileRef = F8304A7228AD348500867C6F /* AuthView.swift */; };
		F8304A7828AEE9A200867C6F /* SettingsView.swift in Sources */ = {isa = PBXBuildFile; fileRef = F8304A7728AEE9A200867C6F /* SettingsView.swift */; };
		F8304A7A28B1685A00867C6F /* ProfileHost.swift in Sources */ = {isa = PBXBuildFile; fileRef = F8304A7928B1685A00867C6F /* ProfileHost.swift */; };
		F8304A7C28B1687200867C6F /* ProfileEditor.swift in Sources */ = {isa = PBXBuildFile; fileRef = F8304A7B28B1687200867C6F /* ProfileEditor.swift */; };
		F8304A7E28B1687700867C6F /* ProfileSummary.swift in Sources */ = {isa = PBXBuildFile; fileRef = F8304A7D28B1687700867C6F /* ProfileSummary.swift */; };
		F8304A8028B1687C00867C6F /* VitaminHost.swift in Sources */ = {isa = PBXBuildFile; fileRef = F8304A7F28B1687C00867C6F /* VitaminHost.swift */; };
		F8304A8528B1688700867C6F /* NutritionRowView.swift in Sources */ = {isa = PBXBuildFile; fileRef = F8304A8228B1688700867C6F /* NutritionRowView.swift */; };
		F8304A8628B1688700867C6F /* NutritionHost.swift in Sources */ = {isa = PBXBuildFile; fileRef = F8304A8328B1688700867C6F /* NutritionHost.swift */; };
		F8304A8728B1688700867C6F /* NutritionEditor.swift in Sources */ = {isa = PBXBuildFile; fileRef = F8304A8428B1688700867C6F /* NutritionEditor.swift */; };
		F8304A8828B1688700867C6F /* NutritionSummary.swift in Sources */ = {isa = PBXBuildFile; fileRef = F8304A8128B1688700867C6F /* NutritionSummary.swift */; };
		F85E28D528B677BA0001EC77 /* FindOrExtractView.swift in Sources */ = {isa = PBXBuildFile; fileRef = F85E28D428B677BA0001EC77 /* FindOrExtractView.swift */; };
		F86EB12328B2710E0098DC75 /* MoveRecipeView.swift in Sources */ = {isa = PBXBuildFile; fileRef = F86EB12228B2710E0098DC75 /* MoveRecipeView.swift */; };
		F8C07A9528B8196F00E8082C /* FilesDisplayView.swift in Sources */ = {isa = PBXBuildFile; fileRef = F8C07A9428B8196F00E8082C /* FilesDisplayView.swift */; };
		F8CC875728D380680030133B /* InMyFridge.swift in Sources */ = {isa = PBXBuildFile; fileRef = F8CC875628D380680030133B /* InMyFridge.swift */; };
		F8CC875F28D3AD6B0030133B /* FridgeHost.swift in Sources */ = {isa = PBXBuildFile; fileRef = F8CC875E28D3AD6B0030133B /* FridgeHost.swift */; };
		F8CC876128D3AD7A0030133B /* FridgeEditor.swift in Sources */ = {isa = PBXBuildFile; fileRef = F8CC876028D3AD7A0030133B /* FridgeEditor.swift */; };
		F8CC876328D3AD8E0030133B /* FridgeSummary.swift in Sources */ = {isa = PBXBuildFile; fileRef = F8CC876228D3AD8E0030133B /* FridgeSummary.swift */; };
		F8CE26D4289C75B1003483DD /* SRecipeExample.json in Resources */ = {isa = PBXBuildFile; fileRef = F8CE26D3289C75B1003483DD /* SRecipeExample.json */; };
/* End PBXBuildFile section */

/* Begin PBXCopyFilesBuildPhase section */
		93B0F3C226C1E744003B14D5 /* Embed Foundation Extensions */ = {
			isa = PBXCopyFilesBuildPhase;
			buildActionMask = 2147483647;
			dstPath = "";
			dstSubfolderSpec = 13;
			files = (
			);
			name = "Embed Foundation Extensions";
			runOnlyForDeploymentPostprocessing = 0;
		};
/* End PBXCopyFilesBuildPhase section */

/* Begin PBXFileReference section */
		930310C72695DC75006910EF /* Model.swift */ = {isa = PBXFileReference; lastKnownFileType = sourcecode.swift; path = Model.swift; sourceTree = "<group>"; };
		930310C9269666B1006910EF /* ContactsViewModel.swift */ = {isa = PBXFileReference; lastKnownFileType = sourcecode.swift; path = ContactsViewModel.swift; sourceTree = "<group>"; };
		931164E42697836600099F8D /* AcceptView.swift */ = {isa = PBXFileReference; lastKnownFileType = sourcecode.swift; path = AcceptView.swift; sourceTree = "<group>"; };
		931B5169269E4B660065F551 /* ModelStructs2.swift */ = {isa = PBXFileReference; lastKnownFileType = sourcecode.swift; path = ModelStructs2.swift; sourceTree = "<group>"; };
		931B516B269E4BFE0065F551 /* CommonItems.swift */ = {isa = PBXFileReference; lastKnownFileType = sourcecode.swift; path = CommonItems.swift; sourceTree = "<group>"; };
		93237A1226A4E1A500032387 /* recipesShipped.json */ = {isa = PBXFileReference; lastKnownFileType = text.json; path = recipesShipped.json; sourceTree = "<group>"; };
		93237A1626A4E3DE00032387 /* RecipeRowView.swift */ = {isa = PBXFileReference; lastKnownFileType = sourcecode.swift; path = RecipeRowView.swift; sourceTree = "<group>"; };
		93237A1926A4E44E00032387 /* WebQueryRecipes.swift */ = {isa = PBXFileReference; lastKnownFileType = sourcecode.swift; path = WebQueryRecipes.swift; sourceTree = "<group>"; };
		93237A1B26A4E52400032387 /* RecipeDetailView.swift */ = {isa = PBXFileReference; lastKnownFileType = sourcecode.swift; path = RecipeDetailView.swift; sourceTree = "<group>"; };
		93237A2026A4E65400032387 /* Profile.swift */ = {isa = PBXFileReference; lastKnownFileType = sourcecode.swift; path = Profile.swift; sourceTree = "<group>"; };
		93237A2226A4E68100032387 /* Nutrition.swift */ = {isa = PBXFileReference; lastKnownFileType = sourcecode.swift; path = Nutrition.swift; sourceTree = "<group>"; };
		93237A2B26A4E7A200032387 /* Vitamins.swift */ = {isa = PBXFileReference; lastKnownFileType = sourcecode.swift; path = Vitamins.swift; sourceTree = "<group>"; };
		93237A3126A4E84D00032387 /* NotesView.swift */ = {isa = PBXFileReference; lastKnownFileType = sourcecode.swift; path = NotesView.swift; sourceTree = "<group>"; };
		93237A3326A4E87900032387 /* ImagesView.swift */ = {isa = PBXFileReference; lastKnownFileType = sourcecode.swift; path = ImagesView.swift; sourceTree = "<group>"; };
		93237A3526A4E8C000032387 /* SafariView.swift */ = {isa = PBXFileReference; lastKnownFileType = sourcecode.swift; path = SafariView.swift; sourceTree = "<group>"; };
		93237A3926A4E97500032387 /* ImagePicker.swift */ = {isa = PBXFileReference; fileEncoding = 4; lastKnownFileType = sourcecode.swift; path = ImagePicker.swift; sourceTree = "<group>"; };
		93237A3B26A4E98100032387 /* ImagePickerView.swift */ = {isa = PBXFileReference; fileEncoding = 4; lastKnownFileType = sourcecode.swift; path = ImagePickerView.swift; sourceTree = "<group>"; };
		9329218C26BF229100CDDD52 /* SRecipeGroupProvider.swift */ = {isa = PBXFileReference; fileEncoding = 4; lastKnownFileType = sourcecode.swift; path = SRecipeGroupProvider.swift; sourceTree = "<group>"; };
		9329218E26BF231700CDDD52 /* SRecipeGroupOutputOperation.swift */ = {isa = PBXFileReference; fileEncoding = 4; lastKnownFileType = sourcecode.swift; path = SRecipeGroupOutputOperation.swift; sourceTree = "<group>"; };
		9329218F26BF231700CDDD52 /* SRecipeGroupCreateOperation.swift */ = {isa = PBXFileReference; fileEncoding = 4; lastKnownFileType = sourcecode.swift; path = SRecipeGroupCreateOperation.swift; sourceTree = "<group>"; };
		9329219226BF234B00CDDD52 /* SRecipeGroupXOperation.swift */ = {isa = PBXFileReference; fileEncoding = 4; lastKnownFileType = sourcecode.swift; path = SRecipeGroupXOperation.swift; sourceTree = "<group>"; };
		9334918326D1B15B00047BAB /* RoundButton3View.swift */ = {isa = PBXFileReference; lastKnownFileType = sourcecode.swift; path = RoundButton3View.swift; sourceTree = "<group>"; };
		9334918526D1BA4000047BAB /* MailView.swift */ = {isa = PBXFileReference; fileEncoding = 4; lastKnownFileType = sourcecode.swift; name = MailView.swift; path = Reczipes/Models/MailView.swift; sourceTree = SOURCE_ROOT; };
		9341A0562698FBAD00DCA754 /* OrderingList.swift */ = {isa = PBXFileReference; lastKnownFileType = sourcecode.swift; path = OrderingList.swift; sourceTree = "<group>"; };
		9341A05A2698FCE500DCA754 /* AllRecipesView.swift */ = {isa = PBXFileReference; lastKnownFileType = sourcecode.swift; path = AllRecipesView.swift; sourceTree = "<group>"; };
		934AC08226D28FCF007EBF20 /* OrderIngredientsView.swift */ = {isa = PBXFileReference; fileEncoding = 4; lastKnownFileType = sourcecode.swift; path = OrderIngredientsView.swift; sourceTree = "<group>"; };
		934AC08626D29040007EBF20 /* ExtendendIngredientsView2.swift */ = {isa = PBXFileReference; fileEncoding = 4; lastKnownFileType = sourcecode.swift; path = ExtendendIngredientsView2.swift; sourceTree = "<group>"; };
		934AC08826D29812007EBF20 /* ExtendedIngredView.swift */ = {isa = PBXFileReference; fileEncoding = 4; lastKnownFileType = sourcecode.swift; path = ExtendedIngredView.swift; sourceTree = "<group>"; };
		934AC08A26D298D2007EBF20 /* ImageWithSectionItemView.swift */ = {isa = PBXFileReference; fileEncoding = 4; lastKnownFileType = sourcecode.swift; path = ImageWithSectionItemView.swift; sourceTree = "<group>"; };
		935398AE2694E2780062931E /* Reczipes.app */ = {isa = PBXFileReference; explicitFileType = wrapper.application; includeInIndex = 0; path = Reczipes.app; sourceTree = BUILT_PRODUCTS_DIR; };
		935398B12694E2780062931E /* ReczipesApp.swift */ = {isa = PBXFileReference; lastKnownFileType = sourcecode.swift; path = ReczipesApp.swift; sourceTree = "<group>"; };
		935398B52694E27B0062931E /* Assets.xcassets */ = {isa = PBXFileReference; lastKnownFileType = folder.assetcatalog; path = Assets.xcassets; sourceTree = "<group>"; };
		935398B82694E27B0062931E /* Preview Assets.xcassets */ = {isa = PBXFileReference; lastKnownFileType = folder.assetcatalog; path = "Preview Assets.xcassets"; sourceTree = "<group>"; };
		935398BF2694E2A90062931E /* Info.plist */ = {isa = PBXFileReference; lastKnownFileType = text.plist.xml; path = Info.plist; sourceTree = "<group>"; };
		93715D9726CC728700F13E09 /* AddImageAndNoteView.swift */ = {isa = PBXFileReference; lastKnownFileType = sourcecode.swift; path = AddImageAndNoteView.swift; sourceTree = "<group>"; };
		9396EAB826BDF0FE000FD136 /* SectionNames.json */ = {isa = PBXFileReference; fileEncoding = 4; lastKnownFileType = text.json; path = SectionNames.json; sourceTree = "<group>"; };
		93AB40C626BECD93005529AF /* UserData.swift */ = {isa = PBXFileReference; fileEncoding = 4; lastKnownFileType = sourcecode.swift; path = UserData.swift; sourceTree = "<group>"; };
		93AB40C826BECDF2005529AF /* SearchBar.swift */ = {isa = PBXFileReference; fileEncoding = 4; lastKnownFileType = sourcecode.swift; path = SearchBar.swift; sourceTree = "<group>"; };
		93AB40CC26BF2100005529AF /* GoogleSearchView.swift */ = {isa = PBXFileReference; fileEncoding = 4; lastKnownFileType = sourcecode.swift; path = GoogleSearchView.swift; sourceTree = "<group>"; };
		93ACB2B326B9E73E0010F71F /* ImageProvider.swift */ = {isa = PBXFileReference; fileEncoding = 4; lastKnownFileType = sourcecode.swift; path = ImageProvider.swift; sourceTree = "<group>"; };
		93ACB2B426B9E73F0010F71F /* JokeProvider.swift */ = {isa = PBXFileReference; fileEncoding = 4; lastKnownFileType = sourcecode.swift; path = JokeProvider.swift; sourceTree = "<group>"; };
		93ACB2B626B9E73F0010F71F /* SRecipeProvider.swift */ = {isa = PBXFileReference; fileEncoding = 4; lastKnownFileType = sourcecode.swift; path = SRecipeProvider.swift; sourceTree = "<group>"; };
		93ACB2B726B9E73F0010F71F /* TriviaProvider.swift */ = {isa = PBXFileReference; fileEncoding = 4; lastKnownFileType = sourcecode.swift; path = TriviaProvider.swift; sourceTree = "<group>"; };
		93ACB2D426B9E8CC0010F71F /* ImageCreateOperation.swift */ = {isa = PBXFileReference; fileEncoding = 4; lastKnownFileType = sourcecode.swift; path = ImageCreateOperation.swift; sourceTree = "<group>"; };
		93ACB2D526B9E8CC0010F71F /* SRecipeOutputOperation.swift */ = {isa = PBXFileReference; fileEncoding = 4; lastKnownFileType = sourcecode.swift; path = SRecipeOutputOperation.swift; sourceTree = "<group>"; };
		93ACB2D626B9E8CC0010F71F /* TriviaOutputOperation.swift */ = {isa = PBXFileReference; fileEncoding = 4; lastKnownFileType = sourcecode.swift; path = TriviaOutputOperation.swift; sourceTree = "<group>"; };
		93ACB2D726B9E8CC0010F71F /* ImageOutputOperation.swift */ = {isa = PBXFileReference; fileEncoding = 4; lastKnownFileType = sourcecode.swift; path = ImageOutputOperation.swift; sourceTree = "<group>"; };
		93ACB2D926B9E8CC0010F71F /* TriviaCreateOperation.swift */ = {isa = PBXFileReference; fileEncoding = 4; lastKnownFileType = sourcecode.swift; path = TriviaCreateOperation.swift; sourceTree = "<group>"; };
		93ACB2DA26B9E8CC0010F71F /* SRecipeCreateOperation.swift */ = {isa = PBXFileReference; fileEncoding = 4; lastKnownFileType = sourcecode.swift; path = SRecipeCreateOperation.swift; sourceTree = "<group>"; };
		93ACB2DB26B9E8CD0010F71F /* JokeCreateOperation.swift */ = {isa = PBXFileReference; fileEncoding = 4; lastKnownFileType = sourcecode.swift; path = JokeCreateOperation.swift; sourceTree = "<group>"; };
		93ACB2DD26B9E8CD0010F71F /* DataLoadOperation.swift */ = {isa = PBXFileReference; fileEncoding = 4; lastKnownFileType = sourcecode.swift; path = DataLoadOperation.swift; sourceTree = "<group>"; };
		93ACB2DE26B9E8CD0010F71F /* JokeOutputOperation.swift */ = {isa = PBXFileReference; fileEncoding = 4; lastKnownFileType = sourcecode.swift; path = JokeOutputOperation.swift; sourceTree = "<group>"; };
		93ACB2EE26B9E9A90010F71F /* AsyncOperation.swift */ = {isa = PBXFileReference; fileEncoding = 4; lastKnownFileType = sourcecode.swift; path = AsyncOperation.swift; sourceTree = "<group>"; };
		93ACB2F226B9E9AA0010F71F /* SRecipeXOperation.swift */ = {isa = PBXFileReference; fileEncoding = 4; lastKnownFileType = sourcecode.swift; path = SRecipeXOperation.swift; sourceTree = "<group>"; };
		93ACB2F426B9E9AA0010F71F /* ImageXOperatIon.swift */ = {isa = PBXFileReference; fileEncoding = 4; lastKnownFileType = sourcecode.swift; path = ImageXOperatIon.swift; sourceTree = "<group>"; };
		93ACB2F526B9E9AA0010F71F /* JokeXOperation.swift */ = {isa = PBXFileReference; fileEncoding = 4; lastKnownFileType = sourcecode.swift; path = JokeXOperation.swift; sourceTree = "<group>"; };
		93ACB2F826B9E9AA0010F71F /* ImageFilterOperation.swift */ = {isa = PBXFileReference; fileEncoding = 4; lastKnownFileType = sourcecode.swift; path = ImageFilterOperation.swift; sourceTree = "<group>"; };
		93ACB2F926B9E9AA0010F71F /* TriviaXOperation.swift */ = {isa = PBXFileReference; fileEncoding = 4; lastKnownFileType = sourcecode.swift; path = TriviaXOperation.swift; sourceTree = "<group>"; };
		93ACB30926B9EBBE0010F71F /* NetworkAccessor.swift */ = {isa = PBXFileReference; fileEncoding = 4; lastKnownFileType = sourcecode.swift; path = NetworkAccessor.swift; sourceTree = "<group>"; };
		93D611A626CE971100664F14 /* Images.json */ = {isa = PBXFileReference; fileEncoding = 4; lastKnownFileType = text.json; path = Images.json; sourceTree = "<group>"; };
		93D611A726CE971200664F14 /* Notes.json */ = {isa = PBXFileReference; fileEncoding = 4; lastKnownFileType = text.json; path = Notes.json; sourceTree = "<group>"; };
		F804499528A0644700F631C8 /* ApplicationView.swift */ = {isa = PBXFileReference; lastKnownFileType = sourcecode.swift; path = ApplicationView.swift; sourceTree = "<group>"; };
		F815305928CFCE6400E9ECC0 /* KeychainItem.swift */ = {isa = PBXFileReference; lastKnownFileType = sourcecode.swift; path = KeychainItem.swift; sourceTree = "<group>"; };
		F828685D28D28CA700BD0917 /* MultiView.swift */ = {isa = PBXFileReference; fileEncoding = 4; lastKnownFileType = sourcecode.swift; path = MultiView.swift; sourceTree = "<group>"; };
		F82D1C9128E8F5E500DBBA77 /* RecipeRatio.swift */ = {isa = PBXFileReference; lastKnownFileType = sourcecode.swift; path = RecipeRatio.swift; sourceTree = "<group>"; };
		F82D1C9428E9FAEF00DBBA77 /* AuthenticationServices.framework */ = {isa = PBXFileReference; lastKnownFileType = wrapper.framework; name = AuthenticationServices.framework; path = System/Library/Frameworks/AuthenticationServices.framework; sourceTree = SDKROOT; };
		F82D1C9D28EC71BF00DBBA77 /* KeyView.swift */ = {isa = PBXFileReference; lastKnownFileType = sourcecode.swift; path = KeyView.swift; sourceTree = "<group>"; };
		F8304A7228AD348500867C6F /* AuthView.swift */ = {isa = PBXFileReference; lastKnownFileType = sourcecode.swift; path = AuthView.swift; sourceTree = "<group>"; };
		F8304A7428AD35B300867C6F /* Reczipes.entitlements */ = {isa = PBXFileReference; lastKnownFileType = text.plist.entitlements; path = Reczipes.entitlements; sourceTree = "<group>"; };
		F8304A7728AEE9A200867C6F /* SettingsView.swift */ = {isa = PBXFileReference; lastKnownFileType = sourcecode.swift; path = SettingsView.swift; sourceTree = "<group>"; };
		F8304A7928B1685A00867C6F /* ProfileHost.swift */ = {isa = PBXFileReference; lastKnownFileType = sourcecode.swift; path = ProfileHost.swift; sourceTree = "<group>"; };
		F8304A7B28B1687200867C6F /* ProfileEditor.swift */ = {isa = PBXFileReference; lastKnownFileType = sourcecode.swift; path = ProfileEditor.swift; sourceTree = "<group>"; };
		F8304A7D28B1687700867C6F /* ProfileSummary.swift */ = {isa = PBXFileReference; lastKnownFileType = sourcecode.swift; path = ProfileSummary.swift; sourceTree = "<group>"; };
		F8304A7F28B1687C00867C6F /* VitaminHost.swift */ = {isa = PBXFileReference; lastKnownFileType = sourcecode.swift; path = VitaminHost.swift; sourceTree = "<group>"; };
		F8304A8128B1688700867C6F /* NutritionSummary.swift */ = {isa = PBXFileReference; lastKnownFileType = sourcecode.swift; path = NutritionSummary.swift; sourceTree = "<group>"; };
		F8304A8228B1688700867C6F /* NutritionRowView.swift */ = {isa = PBXFileReference; lastKnownFileType = sourcecode.swift; path = NutritionRowView.swift; sourceTree = "<group>"; };
		F8304A8328B1688700867C6F /* NutritionHost.swift */ = {isa = PBXFileReference; lastKnownFileType = sourcecode.swift; path = NutritionHost.swift; sourceTree = "<group>"; };
		F8304A8428B1688700867C6F /* NutritionEditor.swift */ = {isa = PBXFileReference; lastKnownFileType = sourcecode.swift; path = NutritionEditor.swift; sourceTree = "<group>"; };
		F85E28D428B677BA0001EC77 /* FindOrExtractView.swift */ = {isa = PBXFileReference; lastKnownFileType = sourcecode.swift; path = FindOrExtractView.swift; sourceTree = "<group>"; };
		F86EB12228B2710E0098DC75 /* MoveRecipeView.swift */ = {isa = PBXFileReference; lastKnownFileType = sourcecode.swift; path = MoveRecipeView.swift; sourceTree = "<group>"; };
		F8C07A9428B8196F00E8082C /* FilesDisplayView.swift */ = {isa = PBXFileReference; lastKnownFileType = sourcecode.swift; path = FilesDisplayView.swift; sourceTree = "<group>"; };
		F8CC875628D380680030133B /* InMyFridge.swift */ = {isa = PBXFileReference; lastKnownFileType = sourcecode.swift; path = InMyFridge.swift; sourceTree = "<group>"; };
		F8CC875E28D3AD6B0030133B /* FridgeHost.swift */ = {isa = PBXFileReference; lastKnownFileType = sourcecode.swift; path = FridgeHost.swift; sourceTree = "<group>"; };
		F8CC876028D3AD7A0030133B /* FridgeEditor.swift */ = {isa = PBXFileReference; lastKnownFileType = sourcecode.swift; path = FridgeEditor.swift; sourceTree = "<group>"; };
		F8CC876228D3AD8E0030133B /* FridgeSummary.swift */ = {isa = PBXFileReference; lastKnownFileType = sourcecode.swift; path = FridgeSummary.swift; sourceTree = "<group>"; };
		F8CE26D3289C75B1003483DD /* SRecipeExample.json */ = {isa = PBXFileReference; lastKnownFileType = text.json; path = SRecipeExample.json; sourceTree = "<group>"; };
/* End PBXFileReference section */

/* Begin PBXFrameworksBuildPhase section */
		935398AB2694E2780062931E /* Frameworks */ = {
			isa = PBXFrameworksBuildPhase;
			buildActionMask = 2147483647;
			files = (
			);
			runOnlyForDeploymentPostprocessing = 0;
		};
/* End PBXFrameworksBuildPhase section */

/* Begin PBXGroup section */
		930310C52695DC33006910EF /* Views */ = {
			isa = PBXGroup;
			children = (
				F828685D28D28CA700BD0917 /* MultiView.swift */,
				F804499528A0644700F631C8 /* ApplicationView.swift */,
				9341A05A2698FCE500DCA754 /* AllRecipesView.swift */,
				F85E28D428B677BA0001EC77 /* FindOrExtractView.swift */,
				93237A3B26A4E98100032387 /* ImagePickerView.swift */,
				931164E42697836600099F8D /* AcceptView.swift */,
				93715D9726CC728700F13E09 /* AddImageAndNoteView.swift */,
				934AC08226D28FCF007EBF20 /* OrderIngredientsView.swift */,
				934AC08626D29040007EBF20 /* ExtendendIngredientsView2.swift */,
				934AC08826D29812007EBF20 /* ExtendedIngredView.swift */,
				934AC08A26D298D2007EBF20 /* ImageWithSectionItemView.swift */,
				93237A3126A4E84D00032387 /* NotesView.swift */,
				93237A3326A4E87900032387 /* ImagesView.swift */,
				93237A3526A4E8C000032387 /* SafariView.swift */,
				93AB40C826BECDF2005529AF /* SearchBar.swift */,
				93AB40CC26BF2100005529AF /* GoogleSearchView.swift */,
				9334918326D1B15B00047BAB /* RoundButton3View.swift */,
				93237A1626A4E3DE00032387 /* RecipeRowView.swift */,
				93237A1B26A4E52400032387 /* RecipeDetailView.swift */,
				9334918526D1BA4000047BAB /* MailView.swift */,
				F8304A7228AD348500867C6F /* AuthView.swift */,
				F8304A7728AEE9A200867C6F /* SettingsView.swift */,
				F8C07A9428B8196F00E8082C /* FilesDisplayView.swift */,
				F86EB12228B2710E0098DC75 /* MoveRecipeView.swift */,
				F8304A7928B1685A00867C6F /* ProfileHost.swift */,
				F8304A7B28B1687200867C6F /* ProfileEditor.swift */,
				F82D1C9D28EC71BF00DBBA77 /* KeyView.swift */,
				F8304A7D28B1687700867C6F /* ProfileSummary.swift */,
				F8CC875E28D3AD6B0030133B /* FridgeHost.swift */,
				F8CC876028D3AD7A0030133B /* FridgeEditor.swift */,
				F8CC876228D3AD8E0030133B /* FridgeSummary.swift */,
				F8304A7F28B1687C00867C6F /* VitaminHost.swift */,
				F8304A8428B1688700867C6F /* NutritionEditor.swift */,
				F8304A8328B1688700867C6F /* NutritionHost.swift */,
				F8304A8228B1688700867C6F /* NutritionRowView.swift */,
				F8304A8128B1688700867C6F /* NutritionSummary.swift */,
			);
			path = Views;
			sourceTree = "<group>";
		};
		930310C62695DC46006910EF /* Models */ = {
			isa = PBXGroup;
			children = (
				930310C72695DC75006910EF /* Model.swift */,
				930310C9269666B1006910EF /* ContactsViewModel.swift */,
				9341A0562698FBAD00DCA754 /* OrderingList.swift */,
				F8CC875628D380680030133B /* InMyFridge.swift */,
				931B5169269E4B660065F551 /* ModelStructs2.swift */,
				93237A2026A4E65400032387 /* Profile.swift */,
				93AB40C626BECD93005529AF /* UserData.swift */,
				93237A2226A4E68100032387 /* Nutrition.swift */,
				93237A2B26A4E7A200032387 /* Vitamins.swift */,
				F815305928CFCE6400E9ECC0 /* KeychainItem.swift */,
				F82D1C9128E8F5E500DBBA77 /* RecipeRatio.swift */,
			);
			path = Models;
			sourceTree = "<group>";
		};
		931B516D269E4C7E0065F551 /* Helpers */ = {
			isa = PBXGroup;
			children = (
				93237A3926A4E97500032387 /* ImagePicker.swift */,
				931B516B269E4BFE0065F551 /* CommonItems.swift */,
			);
			path = Helpers;
			sourceTree = "<group>";
		};
		93237A1826A4E3F000032387 /* Web */ = {
			isa = PBXGroup;
			children = (
				93237A1926A4E44E00032387 /* WebQueryRecipes.swift */,
			);
			path = Web;
			sourceTree = "<group>";
		};
		93237A1D26A4E57F00032387 /* FileIO */ = {
			isa = PBXGroup;
			children = (
				93ACB30926B9EBBE0010F71F /* NetworkAccessor.swift */,
			);
			path = FileIO;
			sourceTree = "<group>";
		};
		9341A05C2698FDE400DCA754 /* JSON */ = {
			isa = PBXGroup;
			children = (
				93D611A626CE971100664F14 /* Images.json */,
				93D611A726CE971200664F14 /* Notes.json */,
				9396EAB826BDF0FE000FD136 /* SectionNames.json */,
				93237A1226A4E1A500032387 /* recipesShipped.json */,
				F8CE26D3289C75B1003483DD /* SRecipeExample.json */,
			);
			path = JSON;
			sourceTree = "<group>";
		};
		935398A52694E2780062931E = {
			isa = PBXGroup;
			children = (
				935398B02694E2780062931E /* Reczipes */,
				935398AF2694E2780062931E /* Products */,
				F82D1C9328E9FAEE00DBBA77 /* Frameworks */,
			);
			sourceTree = "<group>";
		};
		935398AF2694E2780062931E /* Products */ = {
			isa = PBXGroup;
			children = (
				935398AE2694E2780062931E /* Reczipes.app */,
			);
			name = Products;
			sourceTree = "<group>";
		};
		935398B02694E2780062931E /* Reczipes */ = {
			isa = PBXGroup;
			children = (
				F8304A7428AD35B300867C6F /* Reczipes.entitlements */,
				935398B12694E2780062931E /* ReczipesApp.swift */,
				93ACB2EA26B9E90C0010F71F /* Operations */,
				93ACB2BD26B9E76B0010F71F /* Providers */,
				93237A1D26A4E57F00032387 /* FileIO */,
				93237A1826A4E3F000032387 /* Web */,
				931B516D269E4C7E0065F551 /* Helpers */,
				9341A05C2698FDE400DCA754 /* JSON */,
				930310C62695DC46006910EF /* Models */,
				930310C52695DC33006910EF /* Views */,
				935398B52694E27B0062931E /* Assets.xcassets */,
				935398BF2694E2A90062931E /* Info.plist */,
				935398B72694E27B0062931E /* Preview Content */,
			);
			path = Reczipes;
			sourceTree = "<group>";
		};
		935398B72694E27B0062931E /* Preview Content */ = {
			isa = PBXGroup;
			children = (
				935398B82694E27B0062931E /* Preview Assets.xcassets */,
			);
			path = "Preview Content";
			sourceTree = "<group>";
		};
		93ACB2BD26B9E76B0010F71F /* Providers */ = {
			isa = PBXGroup;
			children = (
				93ACB2B326B9E73E0010F71F /* ImageProvider.swift */,
				93ACB2B426B9E73F0010F71F /* JokeProvider.swift */,
				93ACB2B726B9E73F0010F71F /* TriviaProvider.swift */,
				93ACB2B626B9E73F0010F71F /* SRecipeProvider.swift */,
				9329218C26BF229100CDDD52 /* SRecipeGroupProvider.swift */,
			);
			path = Providers;
			sourceTree = "<group>";
		};
		93ACB2EA26B9E90C0010F71F /* Operations */ = {
			isa = PBXGroup;
			children = (
				93ACB2EE26B9E9A90010F71F /* AsyncOperation.swift */,
				93ACB2F826B9E9AA0010F71F /* ImageFilterOperation.swift */,
				93ACB2DD26B9E8CD0010F71F /* DataLoadOperation.swift */,
				93ACB2D426B9E8CC0010F71F /* ImageCreateOperation.swift */,
				93ACB2D726B9E8CC0010F71F /* ImageOutputOperation.swift */,
				93ACB2F426B9E9AA0010F71F /* ImageXOperatIon.swift */,
				93ACB2DB26B9E8CD0010F71F /* JokeCreateOperation.swift */,
				93ACB2DE26B9E8CD0010F71F /* JokeOutputOperation.swift */,
				93ACB2F526B9E9AA0010F71F /* JokeXOperation.swift */,
				93ACB2DA26B9E8CC0010F71F /* SRecipeCreateOperation.swift */,
				93ACB2D526B9E8CC0010F71F /* SRecipeOutputOperation.swift */,
				93ACB2F226B9E9AA0010F71F /* SRecipeXOperation.swift */,
				9329218F26BF231700CDDD52 /* SRecipeGroupCreateOperation.swift */,
				9329218E26BF231700CDDD52 /* SRecipeGroupOutputOperation.swift */,
				9329219226BF234B00CDDD52 /* SRecipeGroupXOperation.swift */,
				93ACB2D926B9E8CC0010F71F /* TriviaCreateOperation.swift */,
				93ACB2D626B9E8CC0010F71F /* TriviaOutputOperation.swift */,
				93ACB2F926B9E9AA0010F71F /* TriviaXOperation.swift */,
			);
			path = Operations;
			sourceTree = "<group>";
		};
		F82D1C9328E9FAEE00DBBA77 /* Frameworks */ = {
			isa = PBXGroup;
			children = (
				F82D1C9428E9FAEF00DBBA77 /* AuthenticationServices.framework */,
			);
			name = Frameworks;
			sourceTree = "<group>";
		};
/* End PBXGroup section */

/* Begin PBXNativeTarget section */
		935398AD2694E2780062931E /* Reczipes */ = {
			isa = PBXNativeTarget;
			buildConfigurationList = 935398BC2694E27B0062931E /* Build configuration list for PBXNativeTarget "Reczipes" */;
			buildPhases = (
				935398AA2694E2780062931E /* Sources */,
				935398AB2694E2780062931E /* Frameworks */,
				935398AC2694E2780062931E /* Resources */,
				93B0F3C226C1E744003B14D5 /* Embed Foundation Extensions */,
			);
			buildRules = (
			);
			dependencies = (
			);
			name = Reczipes;
			productName = Reczipes;
			productReference = 935398AE2694E2780062931E /* Reczipes.app */;
			productType = "com.apple.product-type.application";
		};
/* End PBXNativeTarget section */

/* Begin PBXProject section */
		935398A62694E2780062931E /* Project object */ = {
			isa = PBXProject;
			attributes = {
				BuildIndependentTargetsInParallel = 1;
				LastSwiftUpdateCheck = 1300;
				LastUpgradeCheck = 1400;
				TargetAttributes = {
					935398AD2694E2780062931E = {
						CreatedOnToolsVersion = 13.0;
					};
				};
			};
			buildConfigurationList = 935398A92694E2780062931E /* Build configuration list for PBXProject "Reczipes" */;
			compatibilityVersion = "Xcode 14.0";
			developmentRegion = en;
			hasScannedForEncodings = 0;
			knownRegions = (
				en,
				Base,
			);
			mainGroup = 935398A52694E2780062931E;
			productRefGroup = 935398AF2694E2780062931E /* Products */;
			projectDirPath = "";
			projectRoot = "";
			targets = (
				935398AD2694E2780062931E /* Reczipes */,
			);
		};
/* End PBXProject section */

/* Begin PBXResourcesBuildPhase section */
		935398AC2694E2780062931E /* Resources */ = {
			isa = PBXResourcesBuildPhase;
			buildActionMask = 2147483647;
			files = (
				93237A1326A4E1A500032387 /* recipesShipped.json in Resources */,
				935398B92694E27B0062931E /* Preview Assets.xcassets in Resources */,
				F8CE26D4289C75B1003483DD /* SRecipeExample.json in Resources */,
				93D611A826CE971200664F14 /* Images.json in Resources */,
				93D611A926CE971200664F14 /* Notes.json in Resources */,
				9396EAB926BDF0FE000FD136 /* SectionNames.json in Resources */,
				935398B62694E27B0062931E /* Assets.xcassets in Resources */,
			);
			runOnlyForDeploymentPostprocessing = 0;
		};
/* End PBXResourcesBuildPhase section */

/* Begin PBXSourcesBuildPhase section */
		935398AA2694E2780062931E /* Sources */ = {
			isa = PBXSourcesBuildPhase;
			buildActionMask = 2147483647;
			files = (
				9329219026BF231700CDDD52 /* SRecipeGroupOutputOperation.swift in Sources */,
				9341A0572698FBAD00DCA754 /* OrderingList.swift in Sources */,
				93ACB2BC26B9E73F0010F71F /* TriviaProvider.swift in Sources */,
				93237A2126A4E65400032387 /* Profile.swift in Sources */,
				93237A3226A4E84D00032387 /* NotesView.swift in Sources */,
				F8304A8028B1687C00867C6F /* VitaminHost.swift in Sources */,
				93ACB2E026B9E8CD0010F71F /* SRecipeOutputOperation.swift in Sources */,
				931B516C269E4BFE0065F551 /* CommonItems.swift in Sources */,
				F8304A8528B1688700867C6F /* NutritionRowView.swift in Sources */,
				9329219326BF234B00CDDD52 /* SRecipeGroupXOperation.swift in Sources */,
				93AB40CD26BF2100005529AF /* GoogleSearchView.swift in Sources */,
				93AB40C926BECDF2005529AF /* SearchBar.swift in Sources */,
				93237A1C26A4E52400032387 /* RecipeDetailView.swift in Sources */,
				F8CC875F28D3AD6B0030133B /* FridgeHost.swift in Sources */,
				F8C07A9528B8196F00E8082C /* FilesDisplayView.swift in Sources */,
				93ACB2DF26B9E8CD0010F71F /* ImageCreateOperation.swift in Sources */,
				93237A1726A4E3DE00032387 /* RecipeRowView.swift in Sources */,
				F82D1C9E28EC71BF00DBBA77 /* KeyView.swift in Sources */,
				93237A2326A4E68100032387 /* Nutrition.swift in Sources */,
				93237A3C26A4E98100032387 /* ImagePickerView.swift in Sources */,
				9334918626D1BA4000047BAB /* MailView.swift in Sources */,
				93ACB2B926B9E73F0010F71F /* JokeProvider.swift in Sources */,
				93ACB2E526B9E8CD0010F71F /* SRecipeCreateOperation.swift in Sources */,
				93ACB2E426B9E8CD0010F71F /* TriviaCreateOperation.swift in Sources */,
				F8304A7A28B1685A00867C6F /* ProfileHost.swift in Sources */,
				931B516A269E4B660065F551 /* ModelStructs2.swift in Sources */,
				F8304A8828B1688700867C6F /* NutritionSummary.swift in Sources */,
				F8304A7328AD348500867C6F /* AuthView.swift in Sources */,
				931164E52697836600099F8D /* AcceptView.swift in Sources */,
				F85E28D528B677BA0001EC77 /* FindOrExtractView.swift in Sources */,
				93ACB2E226B9E8CD0010F71F /* ImageOutputOperation.swift in Sources */,
				F8304A7828AEE9A200867C6F /* SettingsView.swift in Sources */,
				934AC08B26D298D2007EBF20 /* ImageWithSectionItemView.swift in Sources */,
				93237A3626A4E8C000032387 /* SafariView.swift in Sources */,
				934AC08926D29812007EBF20 /* ExtendedIngredView.swift in Sources */,
				93ACB30426B9E9AA0010F71F /* JokeXOperation.swift in Sources */,
				93ACB2BB26B9E73F0010F71F /* SRecipeProvider.swift in Sources */,
				930310C82695DC75006910EF /* Model.swift in Sources */,
				93ACB2E626B9E8CD0010F71F /* JokeCreateOperation.swift in Sources */,
				930310CA269666B1006910EF /* ContactsViewModel.swift in Sources */,
				9329218D26BF229100CDDD52 /* SRecipeGroupProvider.swift in Sources */,
				93ACB2E926B9E8CD0010F71F /* JokeOutputOperation.swift in Sources */,
				9334918426D1B15B00047BAB /* RoundButton3View.swift in Sources */,
				93ACB30A26B9EBBE0010F71F /* NetworkAccessor.swift in Sources */,
				F82D1C9228E8F5E500DBBA77 /* RecipeRatio.swift in Sources */,
				934AC08726D29040007EBF20 /* ExtendendIngredientsView2.swift in Sources */,
				9329219126BF231700CDDD52 /* SRecipeGroupCreateOperation.swift in Sources */,
				F828685E28D28CA700BD0917 /* MultiView.swift in Sources */,
				93AB40C726BECD93005529AF /* UserData.swift in Sources */,
				F8304A7E28B1687700867C6F /* ProfileSummary.swift in Sources */,
				F8304A7C28B1687200867C6F /* ProfileEditor.swift in Sources */,
				93237A2C26A4E7A200032387 /* Vitamins.swift in Sources */,
				935398B22694E2780062931E /* ReczipesApp.swift in Sources */,
				93237A3426A4E87900032387 /* ImagesView.swift in Sources */,
				93ACB2E126B9E8CD0010F71F /* TriviaOutputOperation.swift in Sources */,
				F8CC876128D3AD7A0030133B /* FridgeEditor.swift in Sources */,
				F86EB12328B2710E0098DC75 /* MoveRecipeView.swift in Sources */,
				F815305A28CFCE6400E9ECC0 /* KeychainItem.swift in Sources */,
				F8304A8628B1688700867C6F /* NutritionHost.swift in Sources */,
				9341A05B2698FCE500DCA754 /* AllRecipesView.swift in Sources */,
				F8304A8728B1688700867C6F /* NutritionEditor.swift in Sources */,
				93ACB30726B9E9AA0010F71F /* ImageFilterOperation.swift in Sources */,
				F8CC876328D3AD8E0030133B /* FridgeSummary.swift in Sources */,
				93ACB30326B9E9AA0010F71F /* ImageXOperatIon.swift in Sources */,
				93237A3A26A4E97500032387 /* ImagePicker.swift in Sources */,
				F804499628A0644700F631C8 /* ApplicationView.swift in Sources */,
				93715D9826CC728700F13E09 /* AddImageAndNoteView.swift in Sources */,
				93ACB30826B9E9AA0010F71F /* TriviaXOperation.swift in Sources */,
				93237A1A26A4E44E00032387 /* WebQueryRecipes.swift in Sources */,
				93ACB2E826B9E8CD0010F71F /* DataLoadOperation.swift in Sources */,
				934AC08326D28FCF007EBF20 /* OrderIngredientsView.swift in Sources */,
				93ACB2B826B9E73F0010F71F /* ImageProvider.swift in Sources */,
				F8CC875728D380680030133B /* InMyFridge.swift in Sources */,
				93ACB30126B9E9AA0010F71F /* SRecipeXOperation.swift in Sources */,
				93ACB2FD26B9E9AA0010F71F /* AsyncOperation.swift in Sources */,
			);
			runOnlyForDeploymentPostprocessing = 0;
		};
/* End PBXSourcesBuildPhase section */

/* Begin XCBuildConfiguration section */
		935398BA2694E27B0062931E /* Debug */ = {
			isa = XCBuildConfiguration;
			buildSettings = {
				ALWAYS_SEARCH_USER_PATHS = NO;
				CLANG_ANALYZER_NONNULL = YES;
				CLANG_ANALYZER_NUMBER_OBJECT_CONVERSION = YES_AGGRESSIVE;
				CLANG_CXX_LANGUAGE_STANDARD = "gnu++14";
				CLANG_CXX_LIBRARY = "libc++";
				CLANG_ENABLE_MODULES = YES;
				CLANG_ENABLE_OBJC_ARC = YES;
				CLANG_ENABLE_OBJC_WEAK = YES;
				CLANG_WARN_BLOCK_CAPTURE_AUTORELEASING = YES;
				CLANG_WARN_BOOL_CONVERSION = YES;
				CLANG_WARN_COMMA = YES;
				CLANG_WARN_CONSTANT_CONVERSION = YES;
				CLANG_WARN_DEPRECATED_OBJC_IMPLEMENTATIONS = YES;
				CLANG_WARN_DIRECT_OBJC_ISA_USAGE = YES_ERROR;
				CLANG_WARN_DOCUMENTATION_COMMENTS = YES;
				CLANG_WARN_EMPTY_BODY = YES;
				CLANG_WARN_ENUM_CONVERSION = YES;
				CLANG_WARN_INFINITE_RECURSION = YES;
				CLANG_WARN_INT_CONVERSION = YES;
				CLANG_WARN_NON_LITERAL_NULL_CONVERSION = YES;
				CLANG_WARN_OBJC_IMPLICIT_RETAIN_SELF = YES;
				CLANG_WARN_OBJC_LITERAL_CONVERSION = YES;
				CLANG_WARN_OBJC_ROOT_CLASS = YES_ERROR;
				CLANG_WARN_QUOTED_INCLUDE_IN_FRAMEWORK_HEADER = YES;
				CLANG_WARN_RANGE_LOOP_ANALYSIS = YES;
				CLANG_WARN_STRICT_PROTOTYPES = YES;
				CLANG_WARN_SUSPICIOUS_MOVE = YES;
				CLANG_WARN_UNGUARDED_AVAILABILITY = YES_AGGRESSIVE;
				CLANG_WARN_UNREACHABLE_CODE = YES;
				CLANG_WARN__DUPLICATE_METHOD_MATCH = YES;
				COPY_PHASE_STRIP = NO;
				DEBUG_INFORMATION_FORMAT = dwarf;
				ENABLE_STRICT_OBJC_MSGSEND = YES;
				ENABLE_TESTABILITY = YES;
				GCC_C_LANGUAGE_STANDARD = gnu11;
				GCC_DYNAMIC_NO_PIC = NO;
				GCC_NO_COMMON_BLOCKS = YES;
				GCC_OPTIMIZATION_LEVEL = 0;
				GCC_PREPROCESSOR_DEFINITIONS = (
					"DEBUG=1",
					"$(inherited)",
				);
				GCC_WARN_64_TO_32_BIT_CONVERSION = YES;
				GCC_WARN_ABOUT_RETURN_TYPE = YES_ERROR;
				GCC_WARN_UNDECLARED_SELECTOR = YES;
				GCC_WARN_UNINITIALIZED_AUTOS = YES_AGGRESSIVE;
				GCC_WARN_UNUSED_FUNCTION = YES;
				GCC_WARN_UNUSED_VARIABLE = YES;
				IPHONEOS_DEPLOYMENT_TARGET = 16.0;
				MTL_ENABLE_DEBUG_INFO = INCLUDE_SOURCE;
				MTL_FAST_MATH = YES;
				ONLY_ACTIVE_ARCH = YES;
				SDKROOT = iphoneos;
				SWIFT_ACTIVE_COMPILATION_CONDITIONS = DEBUG;
				SWIFT_OPTIMIZATION_LEVEL = "-Onone";
			};
			name = Debug;
		};
		935398BB2694E27B0062931E /* Release */ = {
			isa = XCBuildConfiguration;
			buildSettings = {
				ALWAYS_SEARCH_USER_PATHS = NO;
				CLANG_ANALYZER_NONNULL = YES;
				CLANG_ANALYZER_NUMBER_OBJECT_CONVERSION = YES_AGGRESSIVE;
				CLANG_CXX_LANGUAGE_STANDARD = "gnu++14";
				CLANG_CXX_LIBRARY = "libc++";
				CLANG_ENABLE_MODULES = YES;
				CLANG_ENABLE_OBJC_ARC = YES;
				CLANG_ENABLE_OBJC_WEAK = YES;
				CLANG_WARN_BLOCK_CAPTURE_AUTORELEASING = YES;
				CLANG_WARN_BOOL_CONVERSION = YES;
				CLANG_WARN_COMMA = YES;
				CLANG_WARN_CONSTANT_CONVERSION = YES;
				CLANG_WARN_DEPRECATED_OBJC_IMPLEMENTATIONS = YES;
				CLANG_WARN_DIRECT_OBJC_ISA_USAGE = YES_ERROR;
				CLANG_WARN_DOCUMENTATION_COMMENTS = YES;
				CLANG_WARN_EMPTY_BODY = YES;
				CLANG_WARN_ENUM_CONVERSION = YES;
				CLANG_WARN_INFINITE_RECURSION = YES;
				CLANG_WARN_INT_CONVERSION = YES;
				CLANG_WARN_NON_LITERAL_NULL_CONVERSION = YES;
				CLANG_WARN_OBJC_IMPLICIT_RETAIN_SELF = YES;
				CLANG_WARN_OBJC_LITERAL_CONVERSION = YES;
				CLANG_WARN_OBJC_ROOT_CLASS = YES_ERROR;
				CLANG_WARN_QUOTED_INCLUDE_IN_FRAMEWORK_HEADER = YES;
				CLANG_WARN_RANGE_LOOP_ANALYSIS = YES;
				CLANG_WARN_STRICT_PROTOTYPES = YES;
				CLANG_WARN_SUSPICIOUS_MOVE = YES;
				CLANG_WARN_UNGUARDED_AVAILABILITY = YES_AGGRESSIVE;
				CLANG_WARN_UNREACHABLE_CODE = YES;
				CLANG_WARN__DUPLICATE_METHOD_MATCH = YES;
				COPY_PHASE_STRIP = NO;
				DEBUG_INFORMATION_FORMAT = "dwarf-with-dsym";
				ENABLE_NS_ASSERTIONS = NO;
				ENABLE_STRICT_OBJC_MSGSEND = YES;
				GCC_C_LANGUAGE_STANDARD = gnu11;
				GCC_NO_COMMON_BLOCKS = YES;
				GCC_WARN_64_TO_32_BIT_CONVERSION = YES;
				GCC_WARN_ABOUT_RETURN_TYPE = YES_ERROR;
				GCC_WARN_UNDECLARED_SELECTOR = YES;
				GCC_WARN_UNINITIALIZED_AUTOS = YES_AGGRESSIVE;
				GCC_WARN_UNUSED_FUNCTION = YES;
				GCC_WARN_UNUSED_VARIABLE = YES;
				IPHONEOS_DEPLOYMENT_TARGET = 16.0;
				MTL_ENABLE_DEBUG_INFO = NO;
				MTL_FAST_MATH = YES;
				SDKROOT = iphoneos;
				SWIFT_COMPILATION_MODE = wholemodule;
				SWIFT_OPTIMIZATION_LEVEL = "-O";
				VALIDATE_PRODUCT = YES;
			};
			name = Release;
		};
		935398BD2694E27B0062931E /* Debug */ = {
			isa = XCBuildConfiguration;
			buildSettings = {
				ASSETCATALOG_COMPILER_APPICON_NAME = AppIcon;
				ASSETCATALOG_COMPILER_GLOBAL_ACCENT_COLOR_NAME = AccentColor;
				ASSETCATALOG_COMPILER_INCLUDE_ALL_APPICON_ASSETS = YES;
				CODE_SIGN_ENTITLEMENTS = Reczipes/Reczipes.entitlements;
				CODE_SIGN_STYLE = Automatic;
				CURRENT_PROJECT_VERSION = 158;
				DEVELOPMENT_ASSET_PATHS = "\"Reczipes/Preview Content\"";
				DEVELOPMENT_TEAM = YKHW2TJ32G;
				ENABLE_PREVIEWS = YES;
				GENERATE_INFOPLIST_FILE = YES;
				INFOPLIST_FILE = Reczipes/Info.plist;
				INFOPLIST_KEY_CFBundleExecutable = Reczipes;
				INFOPLIST_KEY_CFBundleName = Reczipes;
				INFOPLIST_KEY_CFBundleVersion = 1;
				INFOPLIST_KEY_LSSupportsOpeningDocumentsInPlace = NO;
				INFOPLIST_KEY_NSCameraUsageDescription = "We need to be able to take photos";
				INFOPLIST_KEY_NSContactsUsageDescription = "We need to access Contacts to send recipes";
				INFOPLIST_KEY_NSDocumentsFolderUsageDescription = "We need to save and retrieve recipes to Documents";
				INFOPLIST_KEY_NSPhotoLibraryAddUsageDescription = "We need to add to the Photo Library";
				INFOPLIST_KEY_NSPhotoLibraryUsageDescription = "We need to access contents of the Photo Library";
				INFOPLIST_KEY_UIApplicationSceneManifest_Generation = YES;
				INFOPLIST_KEY_UIApplicationSupportsIndirectInputEvents = YES;
				INFOPLIST_KEY_UILaunchStoryboardName = l;
				INFOPLIST_KEY_UISupportedInterfaceOrientations = "UIInterfaceOrientationPortrait UIInterfaceOrientationLandscapeLeft UIInterfaceOrientationLandscapeRight";
				INFOPLIST_KEY_UISupportedInterfaceOrientations_iPad = "UIInterfaceOrientationPortrait UIInterfaceOrientationPortraitUpsideDown UIInterfaceOrientationLandscapeLeft UIInterfaceOrientationLandscapeRight";
				INFOPLIST_KEY_UISupportedInterfaceOrientations_iPhone = "UIInterfaceOrientationPortrait UIInterfaceOrientationLandscapeLeft UIInterfaceOrientationLandscapeRight";
				IPHONEOS_DEPLOYMENT_TARGET = 16.0;
				LD_RUNPATH_SEARCH_PATHS = (
					"$(inherited)",
					"@executable_path/Frameworks",
				);
				MARKETING_VERSION = 2.8;
				PRODUCT_BUNDLE_IDENTIFIER = com.headydiscy.Reczipes;
				PRODUCT_NAME = "$(TARGET_NAME)";
				SWIFT_EMIT_LOC_STRINGS = YES;
				SWIFT_VERSION = 5.0;
				TARGETED_DEVICE_FAMILY = 1;
			};
			name = Debug;
		};
		935398BE2694E27B0062931E /* Release */ = {
			isa = XCBuildConfiguration;
			buildSettings = {
				ASSETCATALOG_COMPILER_APPICON_NAME = AppIcon;
				ASSETCATALOG_COMPILER_GLOBAL_ACCENT_COLOR_NAME = AccentColor;
				ASSETCATALOG_COMPILER_INCLUDE_ALL_APPICON_ASSETS = YES;
				CODE_SIGN_ENTITLEMENTS = Reczipes/Reczipes.entitlements;
				CODE_SIGN_STYLE = Automatic;
				CURRENT_PROJECT_VERSION = 158;
				DEVELOPMENT_ASSET_PATHS = "\"Reczipes/Preview Content\"";
				DEVELOPMENT_TEAM = YKHW2TJ32G;
				ENABLE_PREVIEWS = YES;
				GENERATE_INFOPLIST_FILE = YES;
				INFOPLIST_FILE = Reczipes/Info.plist;
				INFOPLIST_KEY_CFBundleExecutable = Reczipes;
				INFOPLIST_KEY_CFBundleName = Reczipes;
				INFOPLIST_KEY_CFBundleVersion = 1;
				INFOPLIST_KEY_LSSupportsOpeningDocumentsInPlace = NO;
				INFOPLIST_KEY_NSCameraUsageDescription = "We need to be able to take photos";
				INFOPLIST_KEY_NSContactsUsageDescription = "We need to access Contacts to send recipes";
				INFOPLIST_KEY_NSDocumentsFolderUsageDescription = "We need to save and retrieve recipes to Documents";
				INFOPLIST_KEY_NSPhotoLibraryAddUsageDescription = "We need to add to the Photo Library";
				INFOPLIST_KEY_NSPhotoLibraryUsageDescription = "We need to access contents of the Photo Library";
				INFOPLIST_KEY_UIApplicationSceneManifest_Generation = YES;
				INFOPLIST_KEY_UIApplicationSupportsIndirectInputEvents = YES;
				INFOPLIST_KEY_UILaunchStoryboardName = l;
				INFOPLIST_KEY_UISupportedInterfaceOrientations = "UIInterfaceOrientationPortrait UIInterfaceOrientationLandscapeLeft UIInterfaceOrientationLandscapeRight";
				INFOPLIST_KEY_UISupportedInterfaceOrientations_iPad = "UIInterfaceOrientationPortrait UIInterfaceOrientationPortraitUpsideDown UIInterfaceOrientationLandscapeLeft UIInterfaceOrientationLandscapeRight";
				INFOPLIST_KEY_UISupportedInterfaceOrientations_iPhone = "UIInterfaceOrientationPortrait UIInterfaceOrientationLandscapeLeft UIInterfaceOrientationLandscapeRight";
				IPHONEOS_DEPLOYMENT_TARGET = 16.0;
				LD_RUNPATH_SEARCH_PATHS = (
					"$(inherited)",
					"@executable_path/Frameworks",
				);
				MARKETING_VERSION = 2.8;
				PRODUCT_BUNDLE_IDENTIFIER = com.headydiscy.Reczipes;
				PRODUCT_NAME = "$(TARGET_NAME)";
				SWIFT_EMIT_LOC_STRINGS = YES;
				SWIFT_VERSION = 5.0;
				TARGETED_DEVICE_FAMILY = 1;
			};
			name = Release;
		};
/* End XCBuildConfiguration section */

/* Begin XCConfigurationList section */
		935398A92694E2780062931E /* Build configuration list for PBXProject "Reczipes" */ = {
			isa = XCConfigurationList;
			buildConfigurations = (
				935398BA2694E27B0062931E /* Debug */,
				935398BB2694E27B0062931E /* Release */,
			);
			defaultConfigurationIsVisible = 0;
			defaultConfigurationName = Release;
		};
		935398BC2694E27B0062931E /* Build configuration list for PBXNativeTarget "Reczipes" */ = {
			isa = XCConfigurationList;
			buildConfigurations = (
				935398BD2694E27B0062931E /* Debug */,
				935398BE2694E27B0062931E /* Release */,
			);
			defaultConfigurationIsVisible = 0;
			defaultConfigurationName = Release;
		};
/* End XCConfigurationList section */
	};
	rootObject = 935398A62694E2780062931E /* Project object */;
}
